
Microsoft Visual Studio Solution File, Format Version 12.00
# Visual Studio Version 16
VisualStudioVersion = 16.0.28803.156
MinimumVisualStudioVersion = 10.0.40219.1
Project("{FAE04EC0-301F-11D3-BF4B-00C04F79EFBC}") = "ProjectEuler", "ProjectEuler.csproj", "{D83A36F3-0D00-49EF-BDEE-26C8F268F58E}"
EndProject
Project("{FAE04EC0-301F-11D3-BF4B-00C04F79EFBC}") = "ProblemUtility", "ProblemUtility\ProblemUtility.csproj", "{B9A1AE31-D7E3-4756-9872-2ADB8F738CA1}"
EndProject
Project("{FAE04EC0-301F-11D3-BF4B-00C04F79EFBC}") = "RecordingUtility", "RecordingUtility\RecordingUtility.csproj", "{AD8D925F-694E-4291-B57E-657333518CDE}"
EndProject
Global
	GlobalSection(SolutionConfigurationPlatforms) = preSolution
		Debug|Any CPU = Debug|Any CPU
		Release|Any CPU = Release|Any CPU
	EndGlobalSection
	GlobalSection(ProjectConfigurationPlatforms) = postSolution
		{D83A36F3-0D00-49EF-BDEE-26C8F268F58E}.Debug|Any CPU.ActiveCfg = Debug|Any CPU
		{D83A36F3-0D00-49EF-BDEE-26C8F268F58E}.Debug|Any CPU.Build.0 = Debug|Any CPU
		{D83A36F3-0D00-49EF-BDEE-26C8F268F58E}.Release|Any CPU.ActiveCfg = Release|Any CPU
		{D83A36F3-0D00-49EF-BDEE-26C8F268F58E}.Release|Any CPU.Build.0 = Release|Any CPU
		{B9A1AE31-D7E3-4756-9872-2ADB8F738CA1}.Debug|Any CPU.ActiveCfg = Debug|Any CPU
		{B9A1AE31-D7E3-4756-9872-2ADB8F738CA1}.Debug|Any CPU.Build.0 = Debug|Any CPU
		{B9A1AE31-D7E3-4756-9872-2ADB8F738CA1}.Release|Any CPU.ActiveCfg = Release|Any CPU
		{B9A1AE31-D7E3-4756-9872-2ADB8F738CA1}.Release|Any CPU.Build.0 = Release|Any CPU
		{AD8D925F-694E-4291-B57E-657333518CDE}.Debug|Any CPU.ActiveCfg = Debug|Any CPU
		{AD8D925F-694E-4291-B57E-657333518CDE}.Debug|Any CPU.Build.0 = Debug|Any CPU
		{AD8D925F-694E-4291-B57E-657333518CDE}.Release|Any CPU.ActiveCfg = Release|Any CPU
		{AD8D925F-694E-4291-B57E-657333518CDE}.Release|Any CPU.Build.0 = Release|Any CPU
	EndGlobalSection
	GlobalSection(SolutionProperties) = preSolution
		HideSolutionNode = FALSE
	EndGlobalSection
	GlobalSection(ExtensibilityGlobals) = postSolution
		SolutionGuid = {478F35E2-805C-43CA-8EBB-9831F1048A6E}
	EndGlobalSection
EndGlobal
