
Microsoft Visual Studio Solution File, Format Version 12.00
# Visual Studio 15
VisualStudioVersion = 15.0.27004.2009
MinimumVisualStudioVersion = 10.0.40219.1
Project("{FAE04EC0-301F-11D3-BF4B-00C04F79EFBC}") = "ProjectEuler", "ProjectEuler.csproj", "{95A11142-3921-421A-AC44-F0DAD7DFABBD}"
EndProject
Project("{2150E333-8FDC-42A3-9474-1A3956D46DE8}") = "Solution Items", "Solution Items", "{CE46EC11-2A7A-4DFB-810B-2E6E1BDBFC79}"
	ProjectSection(SolutionItems) = preProject
		bin\Release\results.csv = bin\Release\results.csv
	EndProjectSection
EndProject
Global
	GlobalSection(SolutionConfigurationPlatforms) = preSolution
		Debug|Any CPU = Debug|Any CPU
		Release|Any CPU = Release|Any CPU
	EndGlobalSection
	GlobalSection(ProjectConfigurationPlatforms) = postSolution
		{95A11142-3921-421A-AC44-F0DAD7DFABBD}.Debug|Any CPU.ActiveCfg = Debug|Any CPU
		{95A11142-3921-421A-AC44-F0DAD7DFABBD}.Debug|Any CPU.Build.0 = Debug|Any CPU
		{95A11142-3921-421A-AC44-F0DAD7DFABBD}.Release|Any CPU.ActiveCfg = Release|Any CPU
		{95A11142-3921-421A-AC44-F0DAD7DFABBD}.Release|Any CPU.Build.0 = Release|Any CPU
	EndGlobalSection
	GlobalSection(SolutionProperties) = preSolution
		HideSolutionNode = FALSE
	EndGlobalSection
	GlobalSection(ExtensibilityGlobals) = postSolution
		SolutionGuid = {7421F9FD-EF45-4E4E-87D2-0D27A2ECEF82}
	EndGlobalSection
EndGlobal
